<Solution>
  <Project Path="Recipes.ConsoleManager/Recipes.ConsoleManager.csproj" />
  <Project Path="Recipes.Manager/Recipes.Manager.csproj" />
  <Project Path="Recipes.Models/Recipes.Models.csproj" />
  <Project Path="Recipes.Storage/Recipes.Storage.csproj" />
  <Project Path="Recipes.Tests/Recipes.Tests.csproj" />
</Solution>
